
Microsoft Visual Studio Solution File, Format Version 12.00
Project("{2150E333-8FDC-42A3-9474-1A3956D46DE8}") = "Task 1", "Task 1", "{768D3C12-4AED-4923-B5C1-08E29EFC3F6C}"
EndProject
Project("{FAE04EC0-301F-11D3-BF4B-00C04F79EFBC}") = "Task1", "Task1\Task1.csproj", "{442D36C0-6F68-4026-8AD2-AEB94A4E8376}"
EndProject
Project("{FAE04EC0-301F-11D3-BF4B-00C04F79EFBC}") = "Task1.Tests", "Task1.Tests\Task1.Tests.csproj", "{995E6EFE-07D0-4FE6-A8A4-A691902B6FD3}"
EndProject
Project("{2150E333-8FDC-42A3-9474-1A3956D46DE8}") = "Task 2", "Task 2", "{78365BD1-2912-418A-AFDF-1830317319C9}"
EndProject
Project("{2150E333-8FDC-42A3-9474-1A3956D46DE8}") = "Task 3", "Task 3", "{5A0A8C51-7711-4D97-B61F-D2E6E2B71DF0}"
EndProject
Project("{2150E333-8FDC-42A3-9474-1A3956D46DE8}") = "Task 4", "Task 4", "{2CA4AD44-A0D1-4CCC-8D91-4236A349AF98}"
EndProject
Project("{2150E333-8FDC-42A3-9474-1A3956D46DE8}") = "Task 5", "Task 5", "{311737D9-C8B2-4813-85CD-BA6BF357F7E7}"
EndProject
Project("{FAE04EC0-301F-11D3-BF4B-00C04F79EFBC}") = "Task2", "Task2\Task2.csproj", "{B57C96DB-445F-4F12-9A4A-0896DFF590F0}"
EndProject
Project("{FAE04EC0-301F-11D3-BF4B-00C04F79EFBC}") = "Task3", "Task3\Task3.csproj", "{DE3FF411-5375-42FE-B2C8-9787C045F7A5}"
EndProject
Project("{FAE04EC0-301F-11D3-BF4B-00C04F79EFBC}") = "Task4", "Task4\Task4.csproj", "{8F022FEB-1D67-40FA-9E89-ADCEA6160239}"
EndProject
Project("{FAE04EC0-301F-11D3-BF4B-00C04F79EFBC}") = "Task5", "Task5\Task5.csproj", "{72517830-CB11-4E89-B05F-4A35E1020DC2}"
EndProject
Project("{FAE04EC0-301F-11D3-BF4B-00C04F79EFBC}") = "Task2.Tests", "Task2.Tests\Task2.Tests.csproj", "{F31A2276-2745-4875-A548-C45EDFA77A64}"
EndProject
Project("{FAE04EC0-301F-11D3-BF4B-00C04F79EFBC}") = "Task3.Tests", "Task3.Tests\Task3.Tests.csproj", "{72220F9A-B6E1-42F1-81AC-5C24290E086A}"
EndProject
Project("{FAE04EC0-301F-11D3-BF4B-00C04F79EFBC}") = "Task4.Tests", "Task4.Tests\Task4.Tests.csproj", "{339B4D23-2616-41FE-83B0-5D32B407F4D2}"
EndProject
Project("{FAE04EC0-301F-11D3-BF4B-00C04F79EFBC}") = "Task5.Tests", "Task5.Tests\Task5.Tests.csproj", "{92A4A627-501E-498B-B760-6294EA2D7F35}"
EndProject
Global
	GlobalSection(SolutionConfigurationPlatforms) = preSolution
		Debug|Any CPU = Debug|Any CPU
		Release|Any CPU = Release|Any CPU
	EndGlobalSection
	GlobalSection(ProjectConfigurationPlatforms) = postSolution
		{442D36C0-6F68-4026-8AD2-AEB94A4E8376}.Debug|Any CPU.ActiveCfg = Debug|Any CPU
		{442D36C0-6F68-4026-8AD2-AEB94A4E8376}.Debug|Any CPU.Build.0 = Debug|Any CPU
		{442D36C0-6F68-4026-8AD2-AEB94A4E8376}.Release|Any CPU.ActiveCfg = Release|Any CPU
		{442D36C0-6F68-4026-8AD2-AEB94A4E8376}.Release|Any CPU.Build.0 = Release|Any CPU
		{995E6EFE-07D0-4FE6-A8A4-A691902B6FD3}.Debug|Any CPU.ActiveCfg = Debug|Any CPU
		{995E6EFE-07D0-4FE6-A8A4-A691902B6FD3}.Debug|Any CPU.Build.0 = Debug|Any CPU
		{995E6EFE-07D0-4FE6-A8A4-A691902B6FD3}.Release|Any CPU.ActiveCfg = Release|Any CPU
		{995E6EFE-07D0-4FE6-A8A4-A691902B6FD3}.Release|Any CPU.Build.0 = Release|Any CPU
		{B57C96DB-445F-4F12-9A4A-0896DFF590F0}.Debug|Any CPU.ActiveCfg = Debug|Any CPU
		{B57C96DB-445F-4F12-9A4A-0896DFF590F0}.Debug|Any CPU.Build.0 = Debug|Any CPU
		{B57C96DB-445F-4F12-9A4A-0896DFF590F0}.Release|Any CPU.ActiveCfg = Release|Any CPU
		{B57C96DB-445F-4F12-9A4A-0896DFF590F0}.Release|Any CPU.Build.0 = Release|Any CPU
		{DE3FF411-5375-42FE-B2C8-9787C045F7A5}.Debug|Any CPU.ActiveCfg = Debug|Any CPU
		{DE3FF411-5375-42FE-B2C8-9787C045F7A5}.Debug|Any CPU.Build.0 = Debug|Any CPU
		{DE3FF411-5375-42FE-B2C8-9787C045F7A5}.Release|Any CPU.ActiveCfg = Release|Any CPU
		{DE3FF411-5375-42FE-B2C8-9787C045F7A5}.Release|Any CPU.Build.0 = Release|Any CPU
		{8F022FEB-1D67-40FA-9E89-ADCEA6160239}.Debug|Any CPU.ActiveCfg = Debug|Any CPU
		{8F022FEB-1D67-40FA-9E89-ADCEA6160239}.Debug|Any CPU.Build.0 = Debug|Any CPU
		{8F022FEB-1D67-40FA-9E89-ADCEA6160239}.Release|Any CPU.ActiveCfg = Release|Any CPU
		{8F022FEB-1D67-40FA-9E89-ADCEA6160239}.Release|Any CPU.Build.0 = Release|Any CPU
		{72517830-CB11-4E89-B05F-4A35E1020DC2}.Debug|Any CPU.ActiveCfg = Debug|Any CPU
		{72517830-CB11-4E89-B05F-4A35E1020DC2}.Debug|Any CPU.Build.0 = Debug|Any CPU
		{72517830-CB11-4E89-B05F-4A35E1020DC2}.Release|Any CPU.ActiveCfg = Release|Any CPU
		{72517830-CB11-4E89-B05F-4A35E1020DC2}.Release|Any CPU.Build.0 = Release|Any CPU
		{F31A2276-2745-4875-A548-C45EDFA77A64}.Debug|Any CPU.ActiveCfg = Debug|Any CPU
		{F31A2276-2745-4875-A548-C45EDFA77A64}.Debug|Any CPU.Build.0 = Debug|Any CPU
		{F31A2276-2745-4875-A548-C45EDFA77A64}.Release|Any CPU.ActiveCfg = Release|Any CPU
		{F31A2276-2745-4875-A548-C45EDFA77A64}.Release|Any CPU.Build.0 = Release|Any CPU
		{72220F9A-B6E1-42F1-81AC-5C24290E086A}.Debug|Any CPU.ActiveCfg = Debug|Any CPU
		{72220F9A-B6E1-42F1-81AC-5C24290E086A}.Debug|Any CPU.Build.0 = Debug|Any CPU
		{72220F9A-B6E1-42F1-81AC-5C24290E086A}.Release|Any CPU.ActiveCfg = Release|Any CPU
		{72220F9A-B6E1-42F1-81AC-5C24290E086A}.Release|Any CPU.Build.0 = Release|Any CPU
		{339B4D23-2616-41FE-83B0-5D32B407F4D2}.Debug|Any CPU.ActiveCfg = Debug|Any CPU
		{339B4D23-2616-41FE-83B0-5D32B407F4D2}.Debug|Any CPU.Build.0 = Debug|Any CPU
		{339B4D23-2616-41FE-83B0-5D32B407F4D2}.Release|Any CPU.ActiveCfg = Release|Any CPU
		{339B4D23-2616-41FE-83B0-5D32B407F4D2}.Release|Any CPU.Build.0 = Release|Any CPU
		{92A4A627-501E-498B-B760-6294EA2D7F35}.Debug|Any CPU.ActiveCfg = Debug|Any CPU
		{92A4A627-501E-498B-B760-6294EA2D7F35}.Debug|Any CPU.Build.0 = Debug|Any CPU
		{92A4A627-501E-498B-B760-6294EA2D7F35}.Release|Any CPU.ActiveCfg = Release|Any CPU
		{92A4A627-501E-498B-B760-6294EA2D7F35}.Release|Any CPU.Build.0 = Release|Any CPU
	EndGlobalSection
	GlobalSection(NestedProjects) = preSolution
		{442D36C0-6F68-4026-8AD2-AEB94A4E8376} = {768D3C12-4AED-4923-B5C1-08E29EFC3F6C}
		{995E6EFE-07D0-4FE6-A8A4-A691902B6FD3} = {768D3C12-4AED-4923-B5C1-08E29EFC3F6C}
		{B57C96DB-445F-4F12-9A4A-0896DFF590F0} = {78365BD1-2912-418A-AFDF-1830317319C9}
		{DE3FF411-5375-42FE-B2C8-9787C045F7A5} = {5A0A8C51-7711-4D97-B61F-D2E6E2B71DF0}
		{8F022FEB-1D67-40FA-9E89-ADCEA6160239} = {2CA4AD44-A0D1-4CCC-8D91-4236A349AF98}
		{72517830-CB11-4E89-B05F-4A35E1020DC2} = {311737D9-C8B2-4813-85CD-BA6BF357F7E7}
		{F31A2276-2745-4875-A548-C45EDFA77A64} = {78365BD1-2912-418A-AFDF-1830317319C9}
		{72220F9A-B6E1-42F1-81AC-5C24290E086A} = {5A0A8C51-7711-4D97-B61F-D2E6E2B71DF0}
		{339B4D23-2616-41FE-83B0-5D32B407F4D2} = {2CA4AD44-A0D1-4CCC-8D91-4236A349AF98}
		{92A4A627-501E-498B-B760-6294EA2D7F35} = {311737D9-C8B2-4813-85CD-BA6BF357F7E7}
	EndGlobalSection
EndGlobal
